// !$*UTF8*$!
{
	archiveVersion = 1;
	classes = {
	};
	objectVersion = 50;
	objects = {

/* Begin PBXBuildFile section */
		84838641224F010800ADCA73 /* AppDelegate.swift in Sources */ = {isa = PBXBuildFile; fileRef = 84838640224F010800ADCA73 /* AppDelegate.swift */; };
		84838643224F010800ADCA73 /* DocumentBrowserViewController.swift in Sources */ = {isa = PBXBuildFile; fileRef = 84838642224F010800ADCA73 /* DocumentBrowserViewController.swift */; };
		84838645224F010800ADCA73 /* CircleViewController.swift in Sources */ = {isa = PBXBuildFile; fileRef = 84838644224F010800ADCA73 /* CircleViewController.swift */; };
		84838647224F010800ADCA73 /* Document.swift in Sources */ = {isa = PBXBuildFile; fileRef = 84838646224F010800ADCA73 /* Document.swift */; };
		8483864A224F010800ADCA73 /* Main.storyboard in Resources */ = {isa = PBXBuildFile; fileRef = 84838648224F010800ADCA73 /* Main.storyboard */; };
		8483864C224F010A00ADCA73 /* Assets.xcassets in Resources */ = {isa = PBXBuildFile; fileRef = 8483864B224F010A00ADCA73 /* Assets.xcassets */; };
		8483864F224F010A00ADCA73 /* LaunchScreen.storyboard in Resources */ = {isa = PBXBuildFile; fileRef = 8483864D224F010A00ADCA73 /* LaunchScreen.storyboard */; };
		84838657224F04AB00ADCA73 /* CircleContainer.swift in Sources */ = {isa = PBXBuildFile; fileRef = 84838656224F04AB00ADCA73 /* CircleContainer.swift */; };
		84838659224F109000ADCA73 /* CircleView.swift in Sources */ = {isa = PBXBuildFile; fileRef = 84838658224F109000ADCA73 /* CircleView.swift */; };
/* End PBXBuildFile section */

/* Begin PBXFileReference section */
		8483863D224F010800ADCA73 /* circles.app */ = {isa = PBXFileReference; explicitFileType = wrapper.application; includeInIndex = 0; path = circles.app; sourceTree = BUILT_PRODUCTS_DIR; };
		84838640224F010800ADCA73 /* AppDelegate.swift */ = {isa = PBXFileReference; lastKnownFileType = sourcecode.swift; path = AppDelegate.swift; sourceTree = "<group>"; };
		84838642224F010800ADCA73 /* DocumentBrowserViewController.swift */ = {isa = PBXFileReference; lastKnownFileType = sourcecode.swift; path = DocumentBrowserViewController.swift; sourceTree = "<group>"; };
		84838644224F010800ADCA73 /* CircleViewController.swift */ = {isa = PBXFileReference; lastKnownFileType = sourcecode.swift; path = CircleViewController.swift; sourceTree = "<group>"; };
		84838646224F010800ADCA73 /* Document.swift */ = {isa = PBXFileReference; lastKnownFileType = sourcecode.swift; path = Document.swift; sourceTree = "<group>"; };
		84838649224F010800ADCA73 /* Base */ = {isa = PBXFileReference; lastKnownFileType = file.storyboard; name = Base; path = Base.lproj/Main.storyboard; sourceTree = "<group>"; };
		8483864B224F010A00ADCA73 /* Assets.xcassets */ = {isa = PBXFileReference; lastKnownFileType = folder.assetcatalog; path = Assets.xcassets; sourceTree = "<group>"; };
		8483864E224F010A00ADCA73 /* Base */ = {isa = PBXFileReference; lastKnownFileType = file.storyboard; name = Base; path = Base.lproj/LaunchScreen.storyboard; sourceTree = "<group>"; };
		84838650224F010A00ADCA73 /* Info.plist */ = {isa = PBXFileReference; lastKnownFileType = text.plist.xml; path = Info.plist; sourceTree = "<group>"; };
		84838656224F04AB00ADCA73 /* CircleContainer.swift */ = {isa = PBXFileReference; lastKnownFileType = sourcecode.swift; path = CircleContainer.swift; sourceTree = "<group>"; };
		84838658224F109000ADCA73 /* CircleView.swift */ = {isa = PBXFileReference; lastKnownFileType = sourcecode.swift; path = CircleView.swift; sourceTree = "<group>"; };
/* End PBXFileReference section */

/* Begin PBXFrameworksBuildPhase section */
		8483863A224F010800ADCA73 /* Frameworks */ = {
			isa = PBXFrameworksBuildPhase;
			buildActionMask = 2147483647;
			files = (
			);
			runOnlyForDeploymentPostprocessing = 0;
		};
/* End PBXFrameworksBuildPhase section */

/* Begin PBXGroup section */
		84838634224F010800ADCA73 = {
			isa = PBXGroup;
			children = (
				8483863F224F010800ADCA73 /* circles */,
				8483863E224F010800ADCA73 /* Products */,
			);
			sourceTree = "<group>";
		};
		8483863E224F010800ADCA73 /* Products */ = {
			isa = PBXGroup;
			children = (
				8483863D224F010800ADCA73 /* circles.app */,
			);
			name = Products;
			sourceTree = "<group>";
		};
		8483863F224F010800ADCA73 /* circles */ = {
			isa = PBXGroup;
			children = (
				84838640224F010800ADCA73 /* AppDelegate.swift */,
				84838642224F010800ADCA73 /* DocumentBrowserViewController.swift */,
				84838644224F010800ADCA73 /* CircleViewController.swift */,
				84838646224F010800ADCA73 /* Document.swift */,
				84838648224F010800ADCA73 /* Main.storyboard */,
				8483864B224F010A00ADCA73 /* Assets.xcassets */,
				8483864D224F010A00ADCA73 /* LaunchScreen.storyboard */,
				84838650224F010A00ADCA73 /* Info.plist */,
				84838656224F04AB00ADCA73 /* CircleContainer.swift */,
				84838658224F109000ADCA73 /* CircleView.swift */,
			);
			path = circles;
			sourceTree = "<group>";
		};
/* End PBXGroup section */

/* Begin PBXNativeTarget section */
		8483863C224F010800ADCA73 /* circles */ = {
			isa = PBXNativeTarget;
			buildConfigurationList = 84838653224F010A00ADCA73 /* Build configuration list for PBXNativeTarget "circles" */;
			buildPhases = (
				84838639224F010800ADCA73 /* Sources */,
				8483863A224F010800ADCA73 /* Frameworks */,
				8483863B224F010800ADCA73 /* Resources */,
			);
			buildRules = (
			);
			dependencies = (
			);
			name = circles;
			productName = circles;
			productReference = 8483863D224F010800ADCA73 /* circles.app */;
			productType = "com.apple.product-type.application";
		};
/* End PBXNativeTarget section */

/* Begin PBXProject section */
		84838635224F010800ADCA73 /* Project object */ = {
			isa = PBXProject;
			attributes = {
				LastSwiftUpdateCheck = 1020;
				LastUpgradeCheck = 1020;
				ORGANIZATIONNAME = lemondog;
				TargetAttributes = {
					8483863C224F010800ADCA73 = {
						CreatedOnToolsVersion = 10.2;
					};
				};
			};
			buildConfigurationList = 84838638224F010800ADCA73 /* Build configuration list for PBXProject "circles" */;
			compatibilityVersion = "Xcode 9.3";
			developmentRegion = en;
			hasScannedForEncodings = 0;
			knownRegions = (
				en,
				Base,
			);
			mainGroup = 84838634224F010800ADCA73;
			productRefGroup = 8483863E224F010800ADCA73 /* Products */;
			projectDirPath = "";
			projectRoot = "";
			targets = (
				8483863C224F010800ADCA73 /* circles */,
			);
		};
/* End PBXProject section */

/* Begin PBXResourcesBuildPhase section */
		8483863B224F010800ADCA73 /* Resources */ = {
			isa = PBXResourcesBuildPhase;
			buildActionMask = 2147483647;
			files = (
				8483864F224F010A00ADCA73 /* LaunchScreen.storyboard in Resources */,
				8483864C224F010A00ADCA73 /* Assets.xcassets in Resources */,
				8483864A224F010800ADCA73 /* Main.storyboard in Resources */,
			);
			runOnlyForDeploymentPostprocessing = 0;
		};
/* End PBXResourcesBuildPhase section */

/* Begin PBXSourcesBuildPhase section */
		84838639224F010800ADCA73 /* Sources */ = {
			isa = PBXSourcesBuildPhase;
			buildActionMask = 2147483647;
			files = (
				84838659224F109000ADCA73 /* CircleView.swift in Sources */,
				84838647224F010800ADCA73 /* Document.swift in Sources */,
				84838657224F04AB00ADCA73 /* CircleContainer.swift in Sources */,
				84838645224F010800ADCA73 /* CircleViewController.swift in Sources */,
				84838643224F010800ADCA73 /* DocumentBrowserViewController.swift in Sources */,
				84838641224F010800ADCA73 /* AppDelegate.swift in Sources */,
			);
			runOnlyForDeploymentPostprocessing = 0;
		};
/* End PBXSourcesBuildPhase section */

/* Begin PBXVariantGroup section */
		84838648224F010800ADCA73 /* Main.storyboard */ = {
			isa = PBXVariantGroup;
			children = (
				84838649224F010800ADCA73 /* Base */,
			);
			name = Main.storyboard;
			sourceTree = "<group>";
		};
		8483864D224F010A00ADCA73 /* LaunchScreen.storyboard */ = {
			isa = PBXVariantGroup;
			children = (
				8483864E224F010A00ADCA73 /* Base */,
			);
			name = LaunchScreen.storyboard;
			sourceTree = "<group>";
		};
/* End PBXVariantGroup section */

/* Begin XCBuildConfiguration section */
		84838651224F010A00ADCA73 /* Debug */ = {
			isa = XCBuildConfiguration;
			buildSettings = {
				ALWAYS_SEARCH_USER_PATHS = NO;
				CLANG_ANALYZER_NONNULL = YES;
				CLANG_ANALYZER_NUMBER_OBJECT_CONVERSION = YES_AGGRESSIVE;
				CLANG_CXX_LANGUAGE_STANDARD = "gnu++14";
				CLANG_CXX_LIBRARY = "libc++";
				CLANG_ENABLE_MODULES = YES;
				CLANG_ENABLE_OBJC_ARC = YES;
				CLANG_ENABLE_OBJC_WEAK = YES;
				CLANG_WARN_BLOCK_CAPTURE_AUTORELEASING = YES;
				CLANG_WARN_BOOL_CONVERSION = YES;
				CLANG_WARN_COMMA = YES;
				CLANG_WARN_CONSTANT_CONVERSION = YES;
				CLANG_WARN_DEPRECATED_OBJC_IMPLEMENTATIONS = YES;
				CLANG_WARN_DIRECT_OBJC_ISA_USAGE = YES_ERROR;
				CLANG_WARN_DOCUMENTATION_COMMENTS = YES;
				CLANG_WARN_EMPTY_BODY = YES;
				CLANG_WARN_ENUM_CONVERSION = YES;
				CLANG_WARN_INFINITE_RECURSION = YES;
				CLANG_WARN_INT_CONVERSION = YES;
				CLANG_WARN_NON_LITERAL_NULL_CONVERSION = YES;
				CLANG_WARN_OBJC_IMPLICIT_RETAIN_SELF = YES;
				CLANG_WARN_OBJC_LITERAL_CONVERSION = YES;
				CLANG_WARN_OBJC_ROOT_CLASS = YES_ERROR;
				CLANG_WARN_RANGE_LOOP_ANALYSIS = YES;
				CLANG_WARN_STRICT_PROTOTYPES = YES;
				CLANG_WARN_SUSPICIOUS_MOVE = YES;
				CLANG_WARN_UNGUARDED_AVAILABILITY = YES_AGGRESSIVE;
				CLANG_WARN_UNREACHABLE_CODE = YES;
				CLANG_WARN__DUPLICATE_METHOD_MATCH = YES;
				CODE_SIGN_IDENTITY = "iPhone Developer";
				COPY_PHASE_STRIP = NO;
				DEBUG_INFORMATION_FORMAT = dwarf;
				ENABLE_STRICT_OBJC_MSGSEND = YES;
				ENABLE_TESTABILITY = YES;
				GCC_C_LANGUAGE_STANDARD = gnu11;
				GCC_DYNAMIC_NO_PIC = NO;
				GCC_NO_COMMON_BLOCKS = YES;
				GCC_OPTIMIZATION_LEVEL = 0;
				GCC_PREPROCESSOR_DEFINITIONS = (
					"DEBUG=1",
					"$(inherited)",
				);
				GCC_WARN_64_TO_32_BIT_CONVERSION = YES;
				GCC_WARN_ABOUT_RETURN_TYPE = YES_ERROR;
				GCC_WARN_UNDECLARED_SELECTOR = YES;
				GCC_WARN_UNINITIALIZED_AUTOS = YES_AGGRESSIVE;
				GCC_WARN_UNUSED_FUNCTION = YES;
				GCC_WARN_UNUSED_VARIABLE = YES;
				IPHONEOS_DEPLOYMENT_TARGET = 12.2;
				MTL_ENABLE_DEBUG_INFO = INCLUDE_SOURCE;
				MTL_FAST_MATH = YES;
				ONLY_ACTIVE_ARCH = YES;
				SDKROOT = iphoneos;
				SWIFT_ACTIVE_COMPILATION_CONDITIONS = DEBUG;
				SWIFT_OPTIMIZATION_LEVEL = "-Onone";
			};
			name = Debug;
		};
		84838652224F010A00ADCA73 /* Release */ = {
			isa = XCBuildConfiguration;
			buildSettings = {
				ALWAYS_SEARCH_USER_PATHS = NO;
				CLANG_ANALYZER_NONNULL = YES;
				CLANG_ANALYZER_NUMBER_OBJECT_CONVERSION = YES_AGGRESSIVE;
				CLANG_CXX_LANGUAGE_STANDARD = "gnu++14";
				CLANG_CXX_LIBRARY = "libc++";
				CLANG_ENABLE_MODULES = YES;
				CLANG_ENABLE_OBJC_ARC = YES;
				CLANG_ENABLE_OBJC_WEAK = YES;
				CLANG_WARN_BLOCK_CAPTURE_AUTORELEASING = YES;
				CLANG_WARN_BOOL_CONVERSION = YES;
				CLANG_WARN_COMMA = YES;
				CLANG_WARN_CONSTANT_CONVERSION = YES;
				CLANG_WARN_DEPRECATED_OBJC_IMPLEMENTATIONS = YES;
				CLANG_WARN_DIRECT_OBJC_ISA_USAGE = YES_ERROR;
				CLANG_WARN_DOCUMENTATION_COMMENTS = YES;
				CLANG_WARN_EMPTY_BODY = YES;
				CLANG_WARN_ENUM_CONVERSION = YES;
				CLANG_WARN_INFINITE_RECURSION = YES;
				CLANG_WARN_INT_CONVERSION = YES;
				CLANG_WARN_NON_LITERAL_NULL_CONVERSION = YES;
				CLANG_WARN_OBJC_IMPLICIT_RETAIN_SELF = YES;
				CLANG_WARN_OBJC_LITERAL_CONVERSION = YES;
				CLANG_WARN_OBJC_ROOT_CLASS = YES_ERROR;
				CLANG_WARN_RANGE_LOOP_ANALYSIS = YES;
				CLANG_WARN_STRICT_PROTOTYPES = YES;
				CLANG_WARN_SUSPICIOUS_MOVE = YES;
				CLANG_WARN_UNGUARDED_AVAILABILITY = YES_AGGRESSIVE;
				CLANG_WARN_UNREACHABLE_CODE = YES;
				CLANG_WARN__DUPLICATE_METHOD_MATCH = YES;
				CODE_SIGN_IDENTITY = "iPhone Developer";
				COPY_PHASE_STRIP = NO;
				DEBUG_INFORMATION_FORMAT = "dwarf-with-dsym";
				ENABLE_NS_ASSERTIONS = NO;
				ENABLE_STRICT_OBJC_MSGSEND = YES;
				GCC_C_LANGUAGE_STANDARD = gnu11;
				GCC_NO_COMMON_BLOCKS = YES;
				GCC_WARN_64_TO_32_BIT_CONVERSION = YES;
				GCC_WARN_ABOUT_RETURN_TYPE = YES_ERROR;
				GCC_WARN_UNDECLARED_SELECTOR = YES;
				GCC_WARN_UNINITIALIZED_AUTOS = YES_AGGRESSIVE;
				GCC_WARN_UNUSED_FUNCTION = YES;
				GCC_WARN_UNUSED_VARIABLE = YES;
				IPHONEOS_DEPLOYMENT_TARGET = 12.2;
				MTL_ENABLE_DEBUG_INFO = NO;
				MTL_FAST_MATH = YES;
				SDKROOT = iphoneos;
				SWIFT_COMPILATION_MODE = wholemodule;
				SWIFT_OPTIMIZATION_LEVEL = "-O";
				VALIDATE_PRODUCT = YES;
			};
			name = Release;
		};
		84838654224F010A00ADCA73 /* Debug */ = {
			isa = XCBuildConfiguration;
			buildSettings = {
				ASSETCATALOG_COMPILER_APPICON_NAME = AppIcon;
				CODE_SIGN_STYLE = Automatic;
				DEVELOPMENT_TEAM = 6CP4Q5PQRH;
				INFOPLIST_FILE = circles/Info.plist;
				LD_RUNPATH_SEARCH_PATHS = (
					"$(inherited)",
					"@executable_path/Frameworks",
				);
				PRODUCT_BUNDLE_IDENTIFIER = lemon.circles;
				PRODUCT_NAME = "$(TARGET_NAME)";
				SWIFT_VERSION = 5.0;
				TARGETED_DEVICE_FAMILY = "1,2";
			};
			name = Debug;
		};
		84838655224F010A00ADCA73 /* Release */ = {
			isa = XCBuildConfiguration;
			buildSettings = {
				ASSETCATALOG_COMPILER_APPICON_NAME = AppIcon;
				CODE_SIGN_STYLE = Automatic;
				DEVELOPMENT_TEAM = 6CP4Q5PQRH;
				INFOPLIST_FILE = circles/Info.plist;
				LD_RUNPATH_SEARCH_PATHS = (
					"$(inherited)",
					"@executable_path/Frameworks",
				);
				PRODUCT_BUNDLE_IDENTIFIER = lemon.circles;
				PRODUCT_NAME = "$(TARGET_NAME)";
				SWIFT_VERSION = 5.0;
				TARGETED_DEVICE_FAMILY = "1,2";
			};
			name = Release;
		};
/* End XCBuildConfiguration section */

/* Begin XCConfigurationList section */
		84838638224F010800ADCA73 /* Build configuration list for PBXProject "circles" */ = {
			isa = XCConfigurationList;
			buildConfigurations = (
				84838651224F010A00ADCA73 /* Debug */,
				84838652224F010A00ADCA73 /* Release */,
			);
			defaultConfigurationIsVisible = 0;
			defaultConfigurationName = Release;
		};
		84838653224F010A00ADCA73 /* Build configuration list for PBXNativeTarget "circles" */ = {
			isa = XCConfigurationList;
			buildConfigurations = (
				84838654224F010A00ADCA73 /* Debug */,
				84838655224F010A00ADCA73 /* Release */,
			);
			defaultConfigurationIsVisible = 0;
			defaultConfigurationName = Release;
		};
/* End XCConfigurationList section */
	};
	rootObject = 84838635224F010800ADCA73 /* Project object */;
}
